
Microsoft Visual Studio Solution File, Format Version 12.00
# Visual Studio Version 17
VisualStudioVersion = 17.8.34330.188
MinimumVisualStudioVersion = 10.0.40219.1
Project("{9A19103F-16F7-4668-BE54-9A1E7A4F7556}") = "PokemonReviewApp", "PokemonReviewApp.csproj", "{79151917-B360-464F-9F4A-4D8718E89646}"
EndProject
Global
	GlobalSection(SolutionConfigurationPlatforms) = preSolution
		Debug|Any CPU = Debug|Any CPU
		Release|Any CPU = Release|Any CPU
	EndGlobalSection
	GlobalSection(ProjectConfigurationPlatforms) = postSolution
		{79151917-B360-464F-9F4A-4D8718E89646}.Debug|Any CPU.ActiveCfg = Debug|Any CPU
		{79151917-B360-464F-9F4A-4D8718E89646}.Debug|Any CPU.Build.0 = Debug|Any CPU
		{79151917-B360-464F-9F4A-4D8718E89646}.Release|Any CPU.ActiveCfg = Release|Any CPU
		{79151917-B360-464F-9F4A-4D8718E89646}.Release|Any CPU.Build.0 = Release|Any CPU
	EndGlobalSection
	GlobalSection(SolutionProperties) = preSolution
		HideSolutionNode = FALSE
	EndGlobalSection
	GlobalSection(ExtensibilityGlobals) = postSolution
		SolutionGuid = {1E8CFCC9-FC36-4D4A-A5EC-63591BB2F899}
	EndGlobalSection
EndGlobal
